
Microsoft Visual Studio Solution File, Format Version 12.00
# Visual Studio Version 16
VisualStudioVersion = 16.0.31702.278
MinimumVisualStudioVersion = 10.0.40219.1
Project("{F184B08F-C81C-45F6-A57F-5ABD9991F28F}") = "ChangeCounter", "ChangeCounter\ChangeCounter.vbproj", "{7569969D-EEFD-4DA1-AB40-E4D92922FDC6}"
EndProject
Global
	GlobalSection(SolutionConfigurationPlatforms) = preSolution
		Debug|Any CPU = Debug|Any CPU
		Release|Any CPU = Release|Any CPU
	EndGlobalSection
	GlobalSection(ProjectConfigurationPlatforms) = postSolution
		{7569969D-EEFD-4DA1-AB40-E4D92922FDC6}.Debug|Any CPU.ActiveCfg = Debug|Any CPU
		{7569969D-EEFD-4DA1-AB40-E4D92922FDC6}.Debug|Any CPU.Build.0 = Debug|Any CPU
		{7569969D-EEFD-4DA1-AB40-E4D92922FDC6}.Release|Any CPU.ActiveCfg = Release|Any CPU
		{7569969D-EEFD-4DA1-AB40-E4D92922FDC6}.Release|Any CPU.Build.0 = Release|Any CPU
	EndGlobalSection
	GlobalSection(SolutionProperties) = preSolution
		HideSolutionNode = FALSE
	EndGlobalSection
	GlobalSection(ExtensibilityGlobals) = postSolution
		SolutionGuid = {0A7EF598-E176-4BA6-9DDF-344E5561FA48}
	EndGlobalSection
EndGlobal
